
Microsoft Visual Studio Solution File, Format Version 11.00
# Visual Studio 2010
Project("{8BC9CEB8-8B4A-11D0-8D11-00A0C91BC942}") = "BMVS", "BMVS\BMVS.vcxproj", "{A2BFC901-A527-4B68-890C-97E8C4996C0D}"
EndProject
Global
	GlobalSection(SolutionConfigurationPlatforms) = preSolution
		Debug|Win32 = Debug|Win32
		Release|Win32 = Release|Win32
	EndGlobalSection
	GlobalSection(ProjectConfigurationPlatforms) = postSolution
		{A2BFC901-A527-4B68-890C-97E8C4996C0D}.Debug|Win32.ActiveCfg = Debug|Win32
		{A2BFC901-A527-4B68-890C-97E8C4996C0D}.Debug|Win32.Build.0 = Debug|Win32
		{A2BFC901-A527-4B68-890C-97E8C4996C0D}.Release|Win32.ActiveCfg = Release|Win32
		{A2BFC901-A527-4B68-890C-97E8C4996C0D}.Release|Win32.Build.0 = Release|Win32
	EndGlobalSection
	GlobalSection(SolutionProperties) = preSolution
		HideSolutionNode = FALSE
	EndGlobalSection
EndGlobal
